{
  "nodes": {
    "agenix": {
      "inputs": {
        "nixpkgs": [
          "nixpkgs"
        ]
      },
      "locked": {
        "lastModified": 1665870395,
        "narHash": "sha256-Tsbqb27LDNxOoPLh0gw2hIb6L/6Ow/6lIBvqcHzEKBI=",
        "owner": "ryantm",
        "repo": "agenix",
        "rev": "a630400067c6d03c9b3e0455347dc8559db14288",
        "type": "github"
      },
      "original": {
        "owner": "ryantm",
        "repo": "agenix",
        "type": "github"
      }
    },
    "deploy-rs": {
      "inputs": {
        "nixpkgs": "nixpkgs",
        "utils": "utils"
      },
      "locked": {
        "lastModified": 1668841484,
        "narHash": "sha256-fiDqpfcO16bvTxkIRkTsnQLxbpZumxIHnRNFWsTU5jM=",
        "owner": "xanderio",
        "repo": "deploy-rs",
        "rev": "a17d5256e0082eef75ed46147ea571c20bded8b5",
        "type": "github"
      },
      "original": {
        "owner": "xanderio",
        "repo": "deploy-rs",
        "type": "github"
      }
    },
    "fenix": {
      "inputs": {
        "nixpkgs": [
          "nixpkgs"
        ],
        "rust-analyzer-src": "rust-analyzer-src"
      },
      "locked": {
        "lastModified": 1671085464,
        "narHash": "sha256-HR6eGxMmG+zWRkl9RhEhdd7MXRsJMZ9hzxVPMETMvF8=",
        "owner": "nix-community",
        "repo": "fenix",
        "rev": "f852d2d8c7126cfd3b5700ac606ebd4bcbc480e9",
        "type": "github"
      },
      "original": {
        "owner": "nix-community",
        "repo": "fenix",
        "type": "github"
      }
    },
    "flake-compat": {
      "flake": false,
      "locked": {
        "lastModified": 1668681692,
        "narHash": "sha256-Ht91NGdewz8IQLtWZ9LCeNXMSXHUss+9COoqu6JLmXU=",
        "owner": "edolstra",
        "repo": "flake-compat",
        "rev": "009399224d5e398d03b22badca40a37ac85412a1",
        "type": "github"
      },
      "original": {
        "owner": "edolstra",
        "repo": "flake-compat",
        "type": "github"
      }
    },
    "flake-utils": {
      "locked": {
        "lastModified": 1667395993,
        "narHash": "sha256-nuEHfE/LcWyuSWnS8t12N1wc105Qtau+/OdUAjtQ0rA=",
        "owner": "numtide",
        "repo": "flake-utils",
        "rev": "5aed5285a952e0b949eb3ba02c12fa4fcfef535f",
        "type": "github"
      },
      "original": {
        "owner": "numtide",
        "repo": "flake-utils",
        "type": "github"
      }
    },
    "flake-utils_2": {
      "locked": {
        "lastModified": 1659877975,
        "narHash": "sha256-zllb8aq3YO3h8B/U0/J1WBgAL8EX5yWf5pMj3G0NAmc=",
        "owner": "numtide",
        "repo": "flake-utils",
        "rev": "c0e246b9b83f637f4681389ecabcb2681b4f3af0",
        "type": "github"
      },
      "original": {
        "owner": "numtide",
        "repo": "flake-utils",
        "type": "github"
      }
    },
    "flake-utils_3": {
      "locked": {
        "lastModified": 1667395993,
        "narHash": "sha256-nuEHfE/LcWyuSWnS8t12N1wc105Qtau+/OdUAjtQ0rA=",
        "owner": "numtide",
        "repo": "flake-utils",
        "rev": "5aed5285a952e0b949eb3ba02c12fa4fcfef535f",
        "type": "github"
      },
      "original": {
        "owner": "numtide",
        "repo": "flake-utils",
        "type": "github"
      }
    },
    "flake-utils_4": {
      "locked": {
        "lastModified": 1667395993,
        "narHash": "sha256-nuEHfE/LcWyuSWnS8t12N1wc105Qtau+/OdUAjtQ0rA=",
        "owner": "numtide",
        "repo": "flake-utils",
        "rev": "5aed5285a952e0b949eb3ba02c12fa4fcfef535f",
        "type": "github"
      },
      "original": {
        "owner": "numtide",
        "repo": "flake-utils",
        "type": "github"
      }
    },
    "graftify": {
      "inputs": {
        "flake-utils": [
          "flake-utils"
        ],
        "nixpkgs": "nixpkgs_2",
        "poetry2nix": "poetry2nix"
      },
      "locked": {
        "lastModified": 1664042225,
        "narHash": "sha256-xVwYk+vnIEeY8xsgp8V8C8cam65R1EGO1O1JkU/OLvY=",
        "ref": "refs/heads/main",
        "rev": "3f2e7e794ce5ba37f94c82ceeb12f42ee471c8d3",
        "revCount": 1,
        "type": "git",
        "url": "https://git.xanderio.de/xanderio/graftify.git"
      },
      "original": {
        "type": "git",
        "url": "https://git.xanderio.de/xanderio/graftify.git"
      }
    },
    "home-manager": {
      "inputs": {
        "nixpkgs": [
          "nixpkgs"
        ],
        "utils": [
          "flake-utils"
        ]
      },
      "locked": {
        "lastModified": 1670970889,
        "narHash": "sha256-TWJo3/X3Q3r+HeX16QN4FE6ddBpGtAboymSEF+4Nnc0=",
        "owner": "nix-community",
        "repo": "home-manager",
        "rev": "e412025fffdcd6219ddd21c65d9a1b90005ce508",
        "type": "github"
      },
      "original": {
        "owner": "nix-community",
        "repo": "home-manager",
        "type": "github"
      }
    },
    "neovim-flake": {
      "inputs": {
        "flake-utils": "flake-utils_3",
        "nixpkgs": [
          "neovim-nightly-overlay",
          "nixpkgs"
        ]
      },
      "locked": {
        "dir": "contrib",
        "lastModified": 1671091411,
        "narHash": "sha256-e9+n86Tncb9RKREqB0Bm7lzrGk/Iye9TOV6sr0pNVGA=",
        "owner": "neovim",
        "repo": "neovim",
        "rev": "3091fa778a4f4fe6ff48527c6a29e3be874f46c7",
        "type": "github"
      },
      "original": {
        "dir": "contrib",
        "owner": "neovim",
        "repo": "neovim",
        "type": "github"
      }
    },
    "neovim-nightly-overlay": {
      "inputs": {
        "flake-compat": "flake-compat",
        "neovim-flake": "neovim-flake",
        "nixpkgs": [
          "nixpkgs"
        ]
      },
      "locked": {
        "lastModified": 1671092138,
        "narHash": "sha256-1n4GDs+WxNS0n9q9lk0uk648lVEqSfrIv7ZJ6JYxzao=",
        "owner": "nix-community",
        "repo": "neovim-nightly-overlay",
        "rev": "dec99e61cb419ad824ad4225e27decaa65a8e393",
        "type": "github"
      },
      "original": {
        "owner": "nix-community",
        "repo": "neovim-nightly-overlay",
        "type": "github"
      }
    },
    "nix-minecraft": {
      "inputs": {
        "flake-utils": [
          "flake-utils"
        ],
        "nixpkgs": [
          "nixpkgs"
        ]
      },
      "locked": {
        "lastModified": 1670559144,
        "narHash": "sha256-H5IkrM720lD4mcUktGKvHNXai9QdWq7hMj3R/+7MyP0=",
        "owner": "Infinidoge",
        "repo": "nix-minecraft",
        "rev": "a1d77146d8cd32563a1da417859dd5b49f518166",
        "type": "github"
      },
      "original": {
        "owner": "Infinidoge",
        "repo": "nix-minecraft",
        "type": "github"
      }
    },
    "nixos-hardware": {
      "locked": {
        "lastModified": 1671106796,
        "narHash": "sha256-moAUZMJeGmZAccpZYbAbNVTsmLTkhNU3CdatGg1oKUE=",
        "owner": "NixOS",
        "repo": "nixos-hardware",
        "rev": "1f6067272161d03d1c9f0b46fbf7cb090d016a9c",
        "type": "github"
      },
      "original": {
        "owner": "NixOS",
        "repo": "nixos-hardware",
        "type": "github"
      }
    },
    "nixos-small": {
      "locked": {
        "lastModified": 1671149032,
        "narHash": "sha256-BP8mspP2oJqIm9zHj1EHSolkOWg9+jqIm2R/fUWQq28=",
        "owner": "NixOS",
        "repo": "nixpkgs",
        "rev": "34274e6c8604be2d103606b11dae0ac2e3a0d584",
        "type": "github"
      },
      "original": {
        "owner": "NixOS",
        "ref": "nixos-unstable-small",
        "repo": "nixpkgs",
        "type": "github"
      }
    },
    "nixpkgs": {
      "locked": {
        "lastModified": 1664326381,
        "narHash": "sha256-w9fbgU1Rz7tDCPe0FT3SExG4JbylR89AdaofHFkL2GA=",
        "owner": "NixOS",
        "repo": "nixpkgs",
        "rev": "cd0b791eaac32aa7bf8e1958e180c1b2317f9d76",
        "type": "github"
      },
      "original": {
        "owner": "NixOS",
        "ref": "nixpkgs-unstable",
        "repo": "nixpkgs",
        "type": "github"
      }
    },
    "nixpkgs_2": {
      "locked": {
        "lastModified": 1663850217,
        "narHash": "sha256-tp9nXo1/IdN/xN9m06ryy0QUAEfoN6K56ObM/1QTAjc=",
        "owner": "NixOS",
        "repo": "nixpkgs",
        "rev": "ae1dc133ea5f1538d035af41e5ddbc2ebcb67b90",
        "type": "github"
      },
      "original": {
        "owner": "NixOS",
        "ref": "nixos-unstable",
        "repo": "nixpkgs",
        "type": "github"
      }
    },
    "nixpkgs_3": {
      "locked": {
        "lastModified": 1664020690,
        "narHash": "sha256-g36h+u9FZaHeHX8O8EQ9/dCJBbb9m43eiKLdKu0O8KI=",
        "owner": "NixOS",
        "repo": "nixpkgs",
        "rev": "9569998606020f3dd3120fdac2149b5cafca1687",
        "type": "github"
      },
      "original": {
        "owner": "NixOS",
        "repo": "nixpkgs",
        "type": "github"
      }
    },
    "nixpkgs_4": {
      "locked": {
        "lastModified": 1671021324,
        "narHash": "sha256-MDB6TncBzBCvAgQmjNn14VIaO5wdbxExp8NGP990Udk=",
        "owner": "NixOS",
        "repo": "nixpkgs",
        "rev": "62433a4892603c523840a67e50b6631c37adb928",
        "type": "github"
      },
      "original": {
        "owner": "NixOS",
        "ref": "nixos-unstable",
        "repo": "nixpkgs",
        "type": "github"
      }
    },
    "poetry2nix": {
      "inputs": {
        "flake-utils": "flake-utils_2",
        "nixpkgs": "nixpkgs_3"
      },
      "locked": {
        "lastModified": 1663998703,
        "narHash": "sha256-QqooFECK0JRUFcRBra8Gn10FXs86VS3QeiI14Xz/E4I=",
        "owner": "nix-community",
        "repo": "poetry2nix",
        "rev": "675a05088a53a9a2c63b848505beaba5acb49cef",
        "type": "github"
      },
      "original": {
        "owner": "nix-community",
        "repo": "poetry2nix",
        "type": "github"
      }
    },
    "root": {
      "inputs": {
        "agenix": "agenix",
        "deploy-rs": "deploy-rs",
        "fenix": "fenix",
        "flake-utils": "flake-utils",
        "graftify": "graftify",
        "home-manager": "home-manager",
        "neovim-nightly-overlay": "neovim-nightly-overlay",
        "nix-minecraft": "nix-minecraft",
        "nixos-hardware": "nixos-hardware",
        "nixos-small": "nixos-small",
        "nixpkgs": "nixpkgs_4",
        "website": "website"
      }
    },
    "rust-analyzer-src": {
      "flake": false,
      "locked": {
        "lastModified": 1671029659,
        "narHash": "sha256-2sqAgHcLWpNGVHG2LQIXgRMuqgCArOD9frQSrrXrwSA=",
        "owner": "rust-lang",
        "repo": "rust-analyzer",
        "rev": "95671d53ea3063da5316784af9ef69c71219f320",
        "type": "github"
      },
      "original": {
        "owner": "rust-lang",
        "ref": "nightly",
        "repo": "rust-analyzer",
        "type": "github"
      }
    },
    "utils": {
      "locked": {
        "lastModified": 1659877975,
        "narHash": "sha256-zllb8aq3YO3h8B/U0/J1WBgAL8EX5yWf5pMj3G0NAmc=",
        "owner": "numtide",
        "repo": "flake-utils",
        "rev": "c0e246b9b83f637f4681389ecabcb2681b4f3af0",
        "type": "github"
      },
      "original": {
        "owner": "numtide",
        "repo": "flake-utils",
        "type": "github"
      }
    },
    "website": {
      "inputs": {
        "flake-utils": "flake-utils_4",
        "nixpkgs": [
          "nixpkgs"
        ]
      },
      "locked": {
        "lastModified": 1668622157,
        "narHash": "sha256-g3kN3Du0ZHHmJDBCtKrlEktk8fxqm0p0QEwHazHiRow=",
        "owner": "xanderio",
        "repo": "website",
        "rev": "10653994c47bfab038211c6da51ae7397012685c",
        "type": "github"
      },
      "original": {
        "owner": "xanderio",
        "repo": "website",
        "type": "github"
      }
    }
  },
  "root": "root",
  "version": 7
}
